
Microsoft Visual Studio Solution File, Format Version 12.00
# Visual Studio Version 17
VisualStudioVersion = 17.2.32526.322
MinimumVisualStudioVersion = 10.0.40219.1
Project("{9A19103F-16F7-4668-BE54-9A1E7A4F7556}") = "AllergyTrackAPI", "AllergyTrackAPI\AllergyTrackAPI.csproj", "{0597B9E6-AA12-4E24-B1F2-9951D4625002}"
EndProject
Project("{9A19103F-16F7-4668-BE54-9A1E7A4F7556}") = "Application", "Application\Application.csproj", "{631BD7F0-F7C2-4092-8853-2A86BB201F54}"
EndProject
Project("{9A19103F-16F7-4668-BE54-9A1E7A4F7556}") = "Domain", "Domain\Domain.csproj", "{F59FCF1C-D64B-44AA-BF5C-D5CB68A8A829}"
EndProject
Project("{FAE04EC0-301F-11D3-BF4B-00C04F79EFBC}") = "Infrastructure", "Infrastructure\Infrastructure.csproj", "{7F83F851-A4D1-4DC0-9CB4-264D064DBA80}"
EndProject
Global
	GlobalSection(SolutionConfigurationPlatforms) = preSolution
		Debug|Any CPU = Debug|Any CPU
		Release|Any CPU = Release|Any CPU
	EndGlobalSection
	GlobalSection(ProjectConfigurationPlatforms) = postSolution
		{0597B9E6-AA12-4E24-B1F2-9951D4625002}.Debug|Any CPU.ActiveCfg = Debug|Any CPU
		{0597B9E6-AA12-4E24-B1F2-9951D4625002}.Debug|Any CPU.Build.0 = Debug|Any CPU
		{0597B9E6-AA12-4E24-B1F2-9951D4625002}.Release|Any CPU.ActiveCfg = Release|Any CPU
		{0597B9E6-AA12-4E24-B1F2-9951D4625002}.Release|Any CPU.Build.0 = Release|Any CPU
		{631BD7F0-F7C2-4092-8853-2A86BB201F54}.Debug|Any CPU.ActiveCfg = Debug|Any CPU
		{631BD7F0-F7C2-4092-8853-2A86BB201F54}.Debug|Any CPU.Build.0 = Debug|Any CPU
		{631BD7F0-F7C2-4092-8853-2A86BB201F54}.Release|Any CPU.ActiveCfg = Release|Any CPU
		{631BD7F0-F7C2-4092-8853-2A86BB201F54}.Release|Any CPU.Build.0 = Release|Any CPU
		{F59FCF1C-D64B-44AA-BF5C-D5CB68A8A829}.Debug|Any CPU.ActiveCfg = Debug|Any CPU
		{F59FCF1C-D64B-44AA-BF5C-D5CB68A8A829}.Debug|Any CPU.Build.0 = Debug|Any CPU
		{F59FCF1C-D64B-44AA-BF5C-D5CB68A8A829}.Release|Any CPU.ActiveCfg = Release|Any CPU
		{F59FCF1C-D64B-44AA-BF5C-D5CB68A8A829}.Release|Any CPU.Build.0 = Release|Any CPU
		{7F83F851-A4D1-4DC0-9CB4-264D064DBA80}.Debug|Any CPU.ActiveCfg = Debug|Any CPU
		{7F83F851-A4D1-4DC0-9CB4-264D064DBA80}.Debug|Any CPU.Build.0 = Debug|Any CPU
		{7F83F851-A4D1-4DC0-9CB4-264D064DBA80}.Release|Any CPU.ActiveCfg = Release|Any CPU
		{7F83F851-A4D1-4DC0-9CB4-264D064DBA80}.Release|Any CPU.Build.0 = Release|Any CPU
	EndGlobalSection
	GlobalSection(SolutionProperties) = preSolution
		HideSolutionNode = FALSE
	EndGlobalSection
	GlobalSection(ExtensibilityGlobals) = postSolution
		SolutionGuid = {82605D15-2774-449D-92E1-B89220243AA5}
	EndGlobalSection
EndGlobal
